{
  "requires": true,
  "lockfileVersion": 1,
  "dependencies": {
    "lucide-react": {
      "version": "0.503.0",
      "resolved": "https://registry.npmjs.org/lucide-react/-/lucide-react-0.503.0.tgz",
      "integrity": "sha512-HGGkdlPWQ0vTF8jJ5TdIqhQXZi6uh3LnNgfZ8MHiuxFfX3RZeA79r2MW2tHAZKlAVfoNE8esm3p+O6VkIvpj6w=="
    }
  }
}
